// !$*UTF8*$!
{
	archiveVersion = 1;
	classes = {
	};
	objectVersion = 77;
	objects = {

/* Begin PBXBuildFile section */
		320235FD2D3B3F2D0001618E /* Preview Assets.xcassets in Resources */ = {isa = PBXBuildFile; fileRef = 320235F32D3B3F2D0001618E /* Preview Assets.xcassets */; };
		320235FE2D3B3F2D0001618E /* Assets.xcassets in Resources */ = {isa = PBXBuildFile; fileRef = 320235FA2D3B3F2D0001618E /* Assets.xcassets */; };
		320235FF2D3B3F2D0001618E /* UserModel.swift in Sources */ = {isa = PBXBuildFile; fileRef = 320235F12D3B3F2D0001618E /* UserModel.swift */; };
		320236002D3B3F2D0001618E /* UserMV.swift in Sources */ = {isa = PBXBuildFile; fileRef = 320235F52D3B3F2D0001618E /* UserMV.swift */; };
		320236022D3B3F2D0001618E /* ImcView.swift in Sources */ = {isa = PBXBuildFile; fileRef = 320235F82D3B3F2D0001618E /* ImcView.swift */; };
		320236032D3B3F2D0001618E /* imcUIApp.swift in Sources */ = {isa = PBXBuildFile; fileRef = 320235FB2D3B3F2D0001618E /* imcUIApp.swift */; };
/* End PBXBuildFile section */

/* Begin PBXContainerItemProxy section */
		23AAE80C2CADF26E008E3904 /* PBXContainerItemProxy */ = {
			isa = PBXContainerItemProxy;
			containerPortal = 23AAE7F32CADF26C008E3904 /* Project object */;
			proxyType = 1;
			remoteGlobalIDString = 23AAE7FA2CADF26C008E3904;
			remoteInfo = imcUI;
		};
		23AAE8162CADF26E008E3904 /* PBXContainerItemProxy */ = {
			isa = PBXContainerItemProxy;
			containerPortal = 23AAE7F32CADF26C008E3904 /* Project object */;
			proxyType = 1;
			remoteGlobalIDString = 23AAE7FA2CADF26C008E3904;
			remoteInfo = imcUI;
		};
/* End PBXContainerItemProxy section */

/* Begin PBXFileReference section */
		23AAE7FB2CADF26C008E3904 /* imcUI.app */ = {isa = PBXFileReference; explicitFileType = wrapper.application; includeInIndex = 0; path = imcUI.app; sourceTree = BUILT_PRODUCTS_DIR; };
		23AAE80B2CADF26E008E3904 /* imcUITests.xctest */ = {isa = PBXFileReference; explicitFileType = wrapper.cfbundle; includeInIndex = 0; path = imcUITests.xctest; sourceTree = BUILT_PRODUCTS_DIR; };
		23AAE8152CADF26E008E3904 /* imcUIUITests.xctest */ = {isa = PBXFileReference; explicitFileType = wrapper.cfbundle; includeInIndex = 0; path = imcUIUITests.xctest; sourceTree = BUILT_PRODUCTS_DIR; };
		320235F12D3B3F2D0001618E /* UserModel.swift */ = {isa = PBXFileReference; lastKnownFileType = sourcecode.swift; path = UserModel.swift; sourceTree = "<group>"; };
		320235F32D3B3F2D0001618E /* Preview Assets.xcassets */ = {isa = PBXFileReference; lastKnownFileType = folder.assetcatalog; path = "Preview Assets.xcassets"; sourceTree = "<group>"; };
		320235F52D3B3F2D0001618E /* UserMV.swift */ = {isa = PBXFileReference; lastKnownFileType = sourcecode.swift; path = UserMV.swift; sourceTree = "<group>"; };
		320235F82D3B3F2D0001618E /* ImcView.swift */ = {isa = PBXFileReference; lastKnownFileType = sourcecode.swift; path = ImcView.swift; sourceTree = "<group>"; };
		320235FA2D3B3F2D0001618E /* Assets.xcassets */ = {isa = PBXFileReference; lastKnownFileType = folder.assetcatalog; path = Assets.xcassets; sourceTree = "<group>"; };
		320235FB2D3B3F2D0001618E /* imcUIApp.swift */ = {isa = PBXFileReference; lastKnownFileType = sourcecode.swift; path = imcUIApp.swift; sourceTree = "<group>"; };
/* End PBXFileReference section */

/* Begin PBXFileSystemSynchronizedRootGroup section */
		23AAE80E2CADF26E008E3904 /* imcUITests */ = {
			isa = PBXFileSystemSynchronizedRootGroup;
			path = imcUITests;
			sourceTree = "<group>";
		};
		23AAE8182CADF26E008E3904 /* imcUIUITests */ = {
			isa = PBXFileSystemSynchronizedRootGroup;
			path = imcUIUITests;
			sourceTree = "<group>";
		};
/* End PBXFileSystemSynchronizedRootGroup section */

/* Begin PBXFrameworksBuildPhase section */
		23AAE7F82CADF26C008E3904 /* Frameworks */ = {
			isa = PBXFrameworksBuildPhase;
			buildActionMask = 2147483647;
			files = (
			);
			runOnlyForDeploymentPostprocessing = 0;
		};
		23AAE8082CADF26E008E3904 /* Frameworks */ = {
			isa = PBXFrameworksBuildPhase;
			buildActionMask = 2147483647;
			files = (
			);
			runOnlyForDeploymentPostprocessing = 0;
		};
		23AAE8122CADF26E008E3904 /* Frameworks */ = {
			isa = PBXFrameworksBuildPhase;
			buildActionMask = 2147483647;
			files = (
			);
			runOnlyForDeploymentPostprocessing = 0;
		};
/* End PBXFrameworksBuildPhase section */

/* Begin PBXGroup section */
		23AAE7F22CADF26C008E3904 = {
			isa = PBXGroup;
			children = (
				320235FC2D3B3F2D0001618E /* imcUI */,
				23AAE80E2CADF26E008E3904 /* imcUITests */,
				23AAE8182CADF26E008E3904 /* imcUIUITests */,
				23AAE7FC2CADF26C008E3904 /* Products */,
			);
			sourceTree = "<group>";
		};
		23AAE7FC2CADF26C008E3904 /* Products */ = {
			isa = PBXGroup;
			children = (
				23AAE7FB2CADF26C008E3904 /* imcUI.app */,
				23AAE80B2CADF26E008E3904 /* imcUITests.xctest */,
				23AAE8152CADF26E008E3904 /* imcUIUITests.xctest */,
			);
			name = Products;
			sourceTree = "<group>";
		};
		320235F22D3B3F2D0001618E /* Models */ = {
			isa = PBXGroup;
			children = (
				320235F12D3B3F2D0001618E /* UserModel.swift */,
			);
			path = Models;
			sourceTree = "<group>";
		};
		320235F42D3B3F2D0001618E /* Preview Content */ = {
			isa = PBXGroup;
			children = (
				320235F32D3B3F2D0001618E /* Preview Assets.xcassets */,
			);
			path = "Preview Content";
			sourceTree = "<group>";
		};
		320235F62D3B3F2D0001618E /* ViewModels */ = {
			isa = PBXGroup;
			children = (
				320235F52D3B3F2D0001618E /* UserMV.swift */,
			);
			path = ViewModels;
			sourceTree = "<group>";
		};
		320235F92D3B3F2D0001618E /* Views */ = {
			isa = PBXGroup;
			children = (
				320235F82D3B3F2D0001618E /* ImcView.swift */,
			);
			path = Views;
			sourceTree = "<group>";
		};
		320235FC2D3B3F2D0001618E /* imcUI */ = {
			isa = PBXGroup;
			children = (
				320235FB2D3B3F2D0001618E /* imcUIApp.swift */,
				320235F22D3B3F2D0001618E /* Models */,
				320235F42D3B3F2D0001618E /* Preview Content */,
				320235F62D3B3F2D0001618E /* ViewModels */,
				320235F92D3B3F2D0001618E /* Views */,
				320235FA2D3B3F2D0001618E /* Assets.xcassets */,
			);
			path = imcUI;
			sourceTree = "<group>";
		};
/* End PBXGroup section */

/* Begin PBXNativeTarget section */
		23AAE7FA2CADF26C008E3904 /* imcUI */ = {
			isa = PBXNativeTarget;
			buildConfigurationList = 23AAE81F2CADF26E008E3904 /* Build configuration list for PBXNativeTarget "imcUI" */;
			buildPhases = (
				23AAE7F72CADF26C008E3904 /* Sources */,
				23AAE7F82CADF26C008E3904 /* Frameworks */,
				23AAE7F92CADF26C008E3904 /* Resources */,
			);
			buildRules = (
			);
			dependencies = (
			);
			name = imcUI;
			packageProductDependencies = (
			);
			productName = imcUI;
			productReference = 23AAE7FB2CADF26C008E3904 /* imcUI.app */;
			productType = "com.apple.product-type.application";
		};
		23AAE80A2CADF26E008E3904 /* imcUITests */ = {
			isa = PBXNativeTarget;
			buildConfigurationList = 23AAE8222CADF26E008E3904 /* Build configuration list for PBXNativeTarget "imcUITests" */;
			buildPhases = (
				23AAE8072CADF26E008E3904 /* Sources */,
				23AAE8082CADF26E008E3904 /* Frameworks */,
				23AAE8092CADF26E008E3904 /* Resources */,
			);
			buildRules = (
			);
			dependencies = (
				23AAE80D2CADF26E008E3904 /* PBXTargetDependency */,
			);
			fileSystemSynchronizedGroups = (
				23AAE80E2CADF26E008E3904 /* imcUITests */,
			);
			name = imcUITests;
			packageProductDependencies = (
			);
			productName = imcUITests;
			productReference = 23AAE80B2CADF26E008E3904 /* imcUITests.xctest */;
			productType = "com.apple.product-type.bundle.unit-test";
		};
		23AAE8142CADF26E008E3904 /* imcUIUITests */ = {
			isa = PBXNativeTarget;
			buildConfigurationList = 23AAE8252CADF26E008E3904 /* Build configuration list for PBXNativeTarget "imcUIUITests" */;
			buildPhases = (
				23AAE8112CADF26E008E3904 /* Sources */,
				23AAE8122CADF26E008E3904 /* Frameworks */,
				23AAE8132CADF26E008E3904 /* Resources */,
			);
			buildRules = (
			);
			dependencies = (
				23AAE8172CADF26E008E3904 /* PBXTargetDependency */,
			);
			fileSystemSynchronizedGroups = (
				23AAE8182CADF26E008E3904 /* imcUIUITests */,
			);
			name = imcUIUITests;
			packageProductDependencies = (
			);
			productName = imcUIUITests;
			productReference = 23AAE8152CADF26E008E3904 /* imcUIUITests.xctest */;
			productType = "com.apple.product-type.bundle.ui-testing";
		};
/* End PBXNativeTarget section */

/* Begin PBXProject section */
		23AAE7F32CADF26C008E3904 /* Project object */ = {
			isa = PBXProject;
			attributes = {
				BuildIndependentTargetsInParallel = 1;
				LastSwiftUpdateCheck = 1600;
				LastUpgradeCheck = 1600;
				TargetAttributes = {
					23AAE7FA2CADF26C008E3904 = {
						CreatedOnToolsVersion = 16.0;
					};
					23AAE80A2CADF26E008E3904 = {
						CreatedOnToolsVersion = 16.0;
						TestTargetID = 23AAE7FA2CADF26C008E3904;
					};
					23AAE8142CADF26E008E3904 = {
						CreatedOnToolsVersion = 16.0;
						TestTargetID = 23AAE7FA2CADF26C008E3904;
					};
				};
			};
			buildConfigurationList = 23AAE7F62CADF26C008E3904 /* Build configuration list for PBXProject "imcUI" */;
			developmentRegion = en;
			hasScannedForEncodings = 0;
			knownRegions = (
				en,
				Base,
			);
			mainGroup = 23AAE7F22CADF26C008E3904;
			minimizedProjectReferenceProxies = 1;
			preferredProjectObjectVersion = 77;
			productRefGroup = 23AAE7FC2CADF26C008E3904 /* Products */;
			projectDirPath = "";
			projectRoot = "";
			targets = (
				23AAE7FA2CADF26C008E3904 /* imcUI */,
				23AAE80A2CADF26E008E3904 /* imcUITests */,
				23AAE8142CADF26E008E3904 /* imcUIUITests */,
			);
		};
/* End PBXProject section */

/* Begin PBXResourcesBuildPhase section */
		23AAE7F92CADF26C008E3904 /* Resources */ = {
			isa = PBXResourcesBuildPhase;
			buildActionMask = 2147483647;
			files = (
				320235FD2D3B3F2D0001618E /* Preview Assets.xcassets in Resources */,
				320235FE2D3B3F2D0001618E /* Assets.xcassets in Resources */,
			);
			runOnlyForDeploymentPostprocessing = 0;
		};
		23AAE8092CADF26E008E3904 /* Resources */ = {
			isa = PBXResourcesBuildPhase;
			buildActionMask = 2147483647;
			files = (
			);
			runOnlyForDeploymentPostprocessing = 0;
		};
		23AAE8132CADF26E008E3904 /* Resources */ = {
			isa = PBXResourcesBuildPhase;
			buildActionMask = 2147483647;
			files = (
			);
			runOnlyForDeploymentPostprocessing = 0;
		};
/* End PBXResourcesBuildPhase section */

/* Begin PBXSourcesBuildPhase section */
		23AAE7F72CADF26C008E3904 /* Sources */ = {
			isa = PBXSourcesBuildPhase;
			buildActionMask = 2147483647;
			files = (
				320235FF2D3B3F2D0001618E /* UserModel.swift in Sources */,
				320236002D3B3F2D0001618E /* UserMV.swift in Sources */,
				320236022D3B3F2D0001618E /* ImcView.swift in Sources */,
				320236032D3B3F2D0001618E /* imcUIApp.swift in Sources */,
			);
			runOnlyForDeploymentPostprocessing = 0;
		};
		23AAE8072CADF26E008E3904 /* Sources */ = {
			isa = PBXSourcesBuildPhase;
			buildActionMask = 2147483647;
			files = (
			);
			runOnlyForDeploymentPostprocessing = 0;
		};
		23AAE8112CADF26E008E3904 /* Sources */ = {
			isa = PBXSourcesBuildPhase;
			buildActionMask = 2147483647;
			files = (
			);
			runOnlyForDeploymentPostprocessing = 0;
		};
/* End PBXSourcesBuildPhase section */

/* Begin PBXTargetDependency section */
		23AAE80D2CADF26E008E3904 /* PBXTargetDependency */ = {
			isa = PBXTargetDependency;
			target = 23AAE7FA2CADF26C008E3904 /* imcUI */;
			targetProxy = 23AAE80C2CADF26E008E3904 /* PBXContainerItemProxy */;
		};
		23AAE8172CADF26E008E3904 /* PBXTargetDependency */ = {
			isa = PBXTargetDependency;
			target = 23AAE7FA2CADF26C008E3904 /* imcUI */;
			targetProxy = 23AAE8162CADF26E008E3904 /* PBXContainerItemProxy */;
		};
/* End PBXTargetDependency section */

/* Begin XCBuildConfiguration section */
		23AAE81D2CADF26E008E3904 /* Debug */ = {
			isa = XCBuildConfiguration;
			buildSettings = {
				ALWAYS_SEARCH_USER_PATHS = NO;
				ASSETCATALOG_COMPILER_GENERATE_SWIFT_ASSET_SYMBOL_EXTENSIONS = YES;
				CLANG_ANALYZER_NONNULL = YES;
				CLANG_ANALYZER_NUMBER_OBJECT_CONVERSION = YES_AGGRESSIVE;
				CLANG_CXX_LANGUAGE_STANDARD = "gnu++20";
				CLANG_ENABLE_MODULES = YES;
				CLANG_ENABLE_OBJC_ARC = YES;
				CLANG_ENABLE_OBJC_WEAK = YES;
				CLANG_WARN_BLOCK_CAPTURE_AUTORELEASING = YES;
				CLANG_WARN_BOOL_CONVERSION = YES;
				CLANG_WARN_COMMA = YES;
				CLANG_WARN_CONSTANT_CONVERSION = YES;
				CLANG_WARN_DEPRECATED_OBJC_IMPLEMENTATIONS = YES;
				CLANG_WARN_DIRECT_OBJC_ISA_USAGE = YES_ERROR;
				CLANG_WARN_DOCUMENTATION_COMMENTS = YES;
				CLANG_WARN_EMPTY_BODY = YES;
				CLANG_WARN_ENUM_CONVERSION = YES;
				CLANG_WARN_INFINITE_RECURSION = YES;
				CLANG_WARN_INT_CONVERSION = YES;
				CLANG_WARN_NON_LITERAL_NULL_CONVERSION = YES;
				CLANG_WARN_OBJC_IMPLICIT_RETAIN_SELF = YES;
				CLANG_WARN_OBJC_LITERAL_CONVERSION = YES;
				CLANG_WARN_OBJC_ROOT_CLASS = YES_ERROR;
				CLANG_WARN_QUOTED_INCLUDE_IN_FRAMEWORK_HEADER = YES;
				CLANG_WARN_RANGE_LOOP_ANALYSIS = YES;
				CLANG_WARN_STRICT_PROTOTYPES = YES;
				CLANG_WARN_SUSPICIOUS_MOVE = YES;
				CLANG_WARN_UNGUARDED_AVAILABILITY = YES_AGGRESSIVE;
				CLANG_WARN_UNREACHABLE_CODE = YES;
				CLANG_WARN__DUPLICATE_METHOD_MATCH = YES;
				COPY_PHASE_STRIP = NO;
				DEBUG_INFORMATION_FORMAT = dwarf;
				ENABLE_STRICT_OBJC_MSGSEND = YES;
				ENABLE_TESTABILITY = YES;
				ENABLE_USER_SCRIPT_SANDBOXING = YES;
				GCC_C_LANGUAGE_STANDARD = gnu17;
				GCC_DYNAMIC_NO_PIC = NO;
				GCC_NO_COMMON_BLOCKS = YES;
				GCC_OPTIMIZATION_LEVEL = 0;
				GCC_PREPROCESSOR_DEFINITIONS = (
					"DEBUG=1",
					"$(inherited)",
				);
				GCC_WARN_64_TO_32_BIT_CONVERSION = YES;
				GCC_WARN_ABOUT_RETURN_TYPE = YES_ERROR;
				GCC_WARN_UNDECLARED_SELECTOR = YES;
				GCC_WARN_UNINITIALIZED_AUTOS = YES_AGGRESSIVE;
				GCC_WARN_UNUSED_FUNCTION = YES;
				GCC_WARN_UNUSED_VARIABLE = YES;
				IPHONEOS_DEPLOYMENT_TARGET = 18.0;
				LOCALIZATION_PREFERS_STRING_CATALOGS = YES;
				MTL_ENABLE_DEBUG_INFO = INCLUDE_SOURCE;
				MTL_FAST_MATH = YES;
				ONLY_ACTIVE_ARCH = YES;
				SDKROOT = iphoneos;
				SWIFT_ACTIVE_COMPILATION_CONDITIONS = "DEBUG $(inherited)";
				SWIFT_OPTIMIZATION_LEVEL = "-Onone";
			};
			name = Debug;
		};
		23AAE81E2CADF26E008E3904 /* Release */ = {
			isa = XCBuildConfiguration;
			buildSettings = {
				ALWAYS_SEARCH_USER_PATHS = NO;
				ASSETCATALOG_COMPILER_GENERATE_SWIFT_ASSET_SYMBOL_EXTENSIONS = YES;
				CLANG_ANALYZER_NONNULL = YES;
				CLANG_ANALYZER_NUMBER_OBJECT_CONVERSION = YES_AGGRESSIVE;
				CLANG_CXX_LANGUAGE_STANDARD = "gnu++20";
				CLANG_ENABLE_MODULES = YES;
				CLANG_ENABLE_OBJC_ARC = YES;
				CLANG_ENABLE_OBJC_WEAK = YES;
				CLANG_WARN_BLOCK_CAPTURE_AUTORELEASING = YES;
				CLANG_WARN_BOOL_CONVERSION = YES;
				CLANG_WARN_COMMA = YES;
				CLANG_WARN_CONSTANT_CONVERSION = YES;
				CLANG_WARN_DEPRECATED_OBJC_IMPLEMENTATIONS = YES;
				CLANG_WARN_DIRECT_OBJC_ISA_USAGE = YES_ERROR;
				CLANG_WARN_DOCUMENTATION_COMMENTS = YES;
				CLANG_WARN_EMPTY_BODY = YES;
				CLANG_WARN_ENUM_CONVERSION = YES;
				CLANG_WARN_INFINITE_RECURSION = YES;
				CLANG_WARN_INT_CONVERSION = YES;
				CLANG_WARN_NON_LITERAL_NULL_CONVERSION = YES;
				CLANG_WARN_OBJC_IMPLICIT_RETAIN_SELF = YES;
				CLANG_WARN_OBJC_LITERAL_CONVERSION = YES;
				CLANG_WARN_OBJC_ROOT_CLASS = YES_ERROR;
				CLANG_WARN_QUOTED_INCLUDE_IN_FRAMEWORK_HEADER = YES;
				CLANG_WARN_RANGE_LOOP_ANALYSIS = YES;
				CLANG_WARN_STRICT_PROTOTYPES = YES;
				CLANG_WARN_SUSPICIOUS_MOVE = YES;
				CLANG_WARN_UNGUARDED_AVAILABILITY = YES_AGGRESSIVE;
				CLANG_WARN_UNREACHABLE_CODE = YES;
				CLANG_WARN__DUPLICATE_METHOD_MATCH = YES;
				COPY_PHASE_STRIP = NO;
				DEBUG_INFORMATION_FORMAT = "dwarf-with-dsym";
				ENABLE_NS_ASSERTIONS = NO;
				ENABLE_STRICT_OBJC_MSGSEND = YES;
				ENABLE_USER_SCRIPT_SANDBOXING = YES;
				GCC_C_LANGUAGE_STANDARD = gnu17;
				GCC_NO_COMMON_BLOCKS = YES;
				GCC_WARN_64_TO_32_BIT_CONVERSION = YES;
				GCC_WARN_ABOUT_RETURN_TYPE = YES_ERROR;
				GCC_WARN_UNDECLARED_SELECTOR = YES;
				GCC_WARN_UNINITIALIZED_AUTOS = YES_AGGRESSIVE;
				GCC_WARN_UNUSED_FUNCTION = YES;
				GCC_WARN_UNUSED_VARIABLE = YES;
				IPHONEOS_DEPLOYMENT_TARGET = 18.0;
				LOCALIZATION_PREFERS_STRING_CATALOGS = YES;
				MTL_ENABLE_DEBUG_INFO = NO;
				MTL_FAST_MATH = YES;
				SDKROOT = iphoneos;
				SWIFT_COMPILATION_MODE = wholemodule;
				VALIDATE_PRODUCT = YES;
			};
			name = Release;
		};
		23AAE8202CADF26E008E3904 /* Debug */ = {
			isa = XCBuildConfiguration;
			buildSettings = {
				ASSETCATALOG_COMPILER_APPICON_NAME = AppIcon;
				ASSETCATALOG_COMPILER_GLOBAL_ACCENT_COLOR_NAME = AccentColor;
				CODE_SIGN_STYLE = Automatic;
				CURRENT_PROJECT_VERSION = 1;
				DEVELOPMENT_ASSET_PATHS = "\"imcUI/Preview Content\"";
				DEVELOPMENT_TEAM = JYU4CZQH8U;
				ENABLE_PREVIEWS = YES;
				GENERATE_INFOPLIST_FILE = YES;
				INFOPLIST_KEY_UIApplicationSceneManifest_Generation = YES;
				INFOPLIST_KEY_UIApplicationSupportsIndirectInputEvents = YES;
				INFOPLIST_KEY_UILaunchScreen_Generation = YES;
				INFOPLIST_KEY_UISupportedInterfaceOrientations_iPad = "UIInterfaceOrientationPortrait UIInterfaceOrientationPortraitUpsideDown UIInterfaceOrientationLandscapeLeft UIInterfaceOrientationLandscapeRight";
				INFOPLIST_KEY_UISupportedInterfaceOrientations_iPhone = "UIInterfaceOrientationPortrait UIInterfaceOrientationLandscapeLeft UIInterfaceOrientationLandscapeRight";
				LD_RUNPATH_SEARCH_PATHS = (
					"$(inherited)",
					"@executable_path/Frameworks",
				);
				MARKETING_VERSION = 1.0;
				PRODUCT_BUNDLE_IDENTIFIER = com.test1.imcUI;
				PRODUCT_NAME = "$(TARGET_NAME)";
				SWIFT_EMIT_LOC_STRINGS = YES;
				SWIFT_VERSION = 5.0;
				TARGETED_DEVICE_FAMILY = "1,2";
			};
			name = Debug;
		};
		23AAE8212CADF26E008E3904 /* Release */ = {
			isa = XCBuildConfiguration;
			buildSettings = {
				ASSETCATALOG_COMPILER_APPICON_NAME = AppIcon;
				ASSETCATALOG_COMPILER_GLOBAL_ACCENT_COLOR_NAME = AccentColor;
				CODE_SIGN_STYLE = Automatic;
				CURRENT_PROJECT_VERSION = 1;
				DEVELOPMENT_ASSET_PATHS = "\"imcUI/Preview Content\"";
				DEVELOPMENT_TEAM = JYU4CZQH8U;
				ENABLE_PREVIEWS = YES;
				GENERATE_INFOPLIST_FILE = YES;
				INFOPLIST_KEY_UIApplicationSceneManifest_Generation = YES;
				INFOPLIST_KEY_UIApplicationSupportsIndirectInputEvents = YES;
				INFOPLIST_KEY_UILaunchScreen_Generation = YES;
				INFOPLIST_KEY_UISupportedInterfaceOrientations_iPad = "UIInterfaceOrientationPortrait UIInterfaceOrientationPortraitUpsideDown UIInterfaceOrientationLandscapeLeft UIInterfaceOrientationLandscapeRight";
				INFOPLIST_KEY_UISupportedInterfaceOrientations_iPhone = "UIInterfaceOrientationPortrait UIInterfaceOrientationLandscapeLeft UIInterfaceOrientationLandscapeRight";
				LD_RUNPATH_SEARCH_PATHS = (
					"$(inherited)",
					"@executable_path/Frameworks",
				);
				MARKETING_VERSION = 1.0;
				PRODUCT_BUNDLE_IDENTIFIER = com.test1.imcUI;
				PRODUCT_NAME = "$(TARGET_NAME)";
				SWIFT_EMIT_LOC_STRINGS = YES;
				SWIFT_VERSION = 5.0;
				TARGETED_DEVICE_FAMILY = "1,2";
			};
			name = Release;
		};
		23AAE8232CADF26E008E3904 /* Debug */ = {
			isa = XCBuildConfiguration;
			buildSettings = {
				BUNDLE_LOADER = "$(TEST_HOST)";
				CODE_SIGN_STYLE = Automatic;
				CURRENT_PROJECT_VERSION = 1;
				DEVELOPMENT_TEAM = JYU4CZQH8U;
				GENERATE_INFOPLIST_FILE = YES;
				IPHONEOS_DEPLOYMENT_TARGET = 18.0;
				MARKETING_VERSION = 1.0;
				PRODUCT_BUNDLE_IDENTIFIER = com.test1.imcUITests;
				PRODUCT_NAME = "$(TARGET_NAME)";
				SWIFT_EMIT_LOC_STRINGS = NO;
				SWIFT_VERSION = 5.0;
				TARGETED_DEVICE_FAMILY = "1,2";
				TEST_HOST = "$(BUILT_PRODUCTS_DIR)/imcUI.app/$(BUNDLE_EXECUTABLE_FOLDER_PATH)/imcUI";
			};
			name = Debug;
		};
		23AAE8242CADF26E008E3904 /* Release */ = {
			isa = XCBuildConfiguration;
			buildSettings = {
				BUNDLE_LOADER = "$(TEST_HOST)";
				CODE_SIGN_STYLE = Automatic;
				CURRENT_PROJECT_VERSION = 1;
				DEVELOPMENT_TEAM = JYU4CZQH8U;
				GENERATE_INFOPLIST_FILE = YES;
				IPHONEOS_DEPLOYMENT_TARGET = 18.0;
				MARKETING_VERSION = 1.0;
				PRODUCT_BUNDLE_IDENTIFIER = com.test1.imcUITests;
				PRODUCT_NAME = "$(TARGET_NAME)";
				SWIFT_EMIT_LOC_STRINGS = NO;
				SWIFT_VERSION = 5.0;
				TARGETED_DEVICE_FAMILY = "1,2";
				TEST_HOST = "$(BUILT_PRODUCTS_DIR)/imcUI.app/$(BUNDLE_EXECUTABLE_FOLDER_PATH)/imcUI";
			};
			name = Release;
		};
		23AAE8262CADF26E008E3904 /* Debug */ = {
			isa = XCBuildConfiguration;
			buildSettings = {
				CODE_SIGN_STYLE = Automatic;
				CURRENT_PROJECT_VERSION = 1;
				DEVELOPMENT_TEAM = JYU4CZQH8U;
				GENERATE_INFOPLIST_FILE = YES;
				MARKETING_VERSION = 1.0;
				PRODUCT_BUNDLE_IDENTIFIER = com.test1.imcUIUITests;
				PRODUCT_NAME = "$(TARGET_NAME)";
				SWIFT_EMIT_LOC_STRINGS = NO;
				SWIFT_VERSION = 5.0;
				TARGETED_DEVICE_FAMILY = "1,2";
				TEST_TARGET_NAME = imcUI;
			};
			name = Debug;
		};
		23AAE8272CADF26E008E3904 /* Release */ = {
			isa = XCBuildConfiguration;
			buildSettings = {
				CODE_SIGN_STYLE = Automatic;
				CURRENT_PROJECT_VERSION = 1;
				DEVELOPMENT_TEAM = JYU4CZQH8U;
				GENERATE_INFOPLIST_FILE = YES;
				MARKETING_VERSION = 1.0;
				PRODUCT_BUNDLE_IDENTIFIER = com.test1.imcUIUITests;
				PRODUCT_NAME = "$(TARGET_NAME)";
				SWIFT_EMIT_LOC_STRINGS = NO;
				SWIFT_VERSION = 5.0;
				TARGETED_DEVICE_FAMILY = "1,2";
				TEST_TARGET_NAME = imcUI;
			};
			name = Release;
		};
/* End XCBuildConfiguration section */

/* Begin XCConfigurationList section */
		23AAE7F62CADF26C008E3904 /* Build configuration list for PBXProject "imcUI" */ = {
			isa = XCConfigurationList;
			buildConfigurations = (
				23AAE81D2CADF26E008E3904 /* Debug */,
				23AAE81E2CADF26E008E3904 /* Release */,
			);
			defaultConfigurationIsVisible = 0;
			defaultConfigurationName = Release;
		};
		23AAE81F2CADF26E008E3904 /* Build configuration list for PBXNativeTarget "imcUI" */ = {
			isa = XCConfigurationList;
			buildConfigurations = (
				23AAE8202CADF26E008E3904 /* Debug */,
				23AAE8212CADF26E008E3904 /* Release */,
			);
			defaultConfigurationIsVisible = 0;
			defaultConfigurationName = Release;
		};
		23AAE8222CADF26E008E3904 /* Build configuration list for PBXNativeTarget "imcUITests" */ = {
			isa = XCConfigurationList;
			buildConfigurations = (
				23AAE8232CADF26E008E3904 /* Debug */,
				23AAE8242CADF26E008E3904 /* Release */,
			);
			defaultConfigurationIsVisible = 0;
			defaultConfigurationName = Release;
		};
		23AAE8252CADF26E008E3904 /* Build configuration list for PBXNativeTarget "imcUIUITests" */ = {
			isa = XCConfigurationList;
			buildConfigurations = (
				23AAE8262CADF26E008E3904 /* Debug */,
				23AAE8272CADF26E008E3904 /* Release */,
			);
			defaultConfigurationIsVisible = 0;
			defaultConfigurationName = Release;
		};
/* End XCConfigurationList section */
	};
	rootObject = 23AAE7F32CADF26C008E3904 /* Project object */;
}
